
Microsoft Visual Studio Solution File, Format Version 12.00
# Visual Studio 15
VisualStudioVersion = 15.0.28307.489
MinimumVisualStudioVersion = 10.0.40219.1
Project("{FAE04EC0-301F-11D3-BF4B-00C04F79EFBC}") = "Troby", "Troby\Troby.csproj", "{ABDE3EB4-FBB5-4F68-9E0E-8BDD28E57D76}"
EndProject
Global
	GlobalSection(SolutionConfigurationPlatforms) = preSolution
		Debug|Any CPU = Debug|Any CPU
		Release|Any CPU = Release|Any CPU
	EndGlobalSection
	GlobalSection(ProjectConfigurationPlatforms) = postSolution
		{ABDE3EB4-FBB5-4F68-9E0E-8BDD28E57D76}.Debug|Any CPU.ActiveCfg = Debug|Any CPU
		{ABDE3EB4-FBB5-4F68-9E0E-8BDD28E57D76}.Debug|Any CPU.Build.0 = Debug|Any CPU
		{ABDE3EB4-FBB5-4F68-9E0E-8BDD28E57D76}.Release|Any CPU.ActiveCfg = Release|Any CPU
		{ABDE3EB4-FBB5-4F68-9E0E-8BDD28E57D76}.Release|Any CPU.Build.0 = Release|Any CPU
	EndGlobalSection
	GlobalSection(SolutionProperties) = preSolution
		HideSolutionNode = FALSE
	EndGlobalSection
	GlobalSection(ExtensibilityGlobals) = postSolution
		SolutionGuid = {B818DDD4-E997-43BC-B170-271E5A3AD9E9}
	EndGlobalSection
EndGlobal
